// !$*UTF8*$!
{
	archiveVersion = 1;
	classes = {
	};
	objectVersion = 46;
	objects = {

/* Begin PBXBuildFile section */
		28417DBF193A02BA005E7D6A /* Foundation.framework in Frameworks */ = {isa = PBXBuildFile; fileRef = 28417DBE193A02BA005E7D6A /* Foundation.framework */; };
		28417DC1193A02BA005E7D6A /* CoreGraphics.framework in Frameworks */ = {isa = PBXBuildFile; fileRef = 28417DC0193A02BA005E7D6A /* CoreGraphics.framework */; };
		28417DC3193A02BA005E7D6A /* UIKit.framework in Frameworks */ = {isa = PBXBuildFile; fileRef = 28417DC2193A02BA005E7D6A /* UIKit.framework */; };
		28417DC5193A02BA005E7D6A /* SpriteKit.framework in Frameworks */ = {isa = PBXBuildFile; fileRef = 28417DC4193A02BA005E7D6A /* SpriteKit.framework */; };
		28417DCB193A02BA005E7D6A /* InfoPlist.strings in Resources */ = {isa = PBXBuildFile; fileRef = 28417DC9193A02BA005E7D6A /* InfoPlist.strings */; };
		28417DCD193A02BA005E7D6A /* main.m in Sources */ = {isa = PBXBuildFile; fileRef = 28417DCC193A02BA005E7D6A /* main.m */; };
		28417DD1193A02BA005E7D6A /* PODAppDelegate.m in Sources */ = {isa = PBXBuildFile; fileRef = 28417DD0193A02BA005E7D6A /* PODAppDelegate.m */; };
		28417DD4193A02BA005E7D6A /* Main.storyboard in Resources */ = {isa = PBXBuildFile; fileRef = 28417DD2193A02BA005E7D6A /* Main.storyboard */; };
		28417DD7193A02BA005E7D6A /* PODViewController.m in Sources */ = {isa = PBXBuildFile; fileRef = 28417DD6193A02BA005E7D6A /* PODViewController.m */; };
		28417DDA193A02BA005E7D6A /* PODGameScene.m in Sources */ = {isa = PBXBuildFile; fileRef = 28417DD9193A02BA005E7D6A /* PODGameScene.m */; };
		28417DDE193A02BA005E7D6A /* Images.xcassets in Resources */ = {isa = PBXBuildFile; fileRef = 28417DDD193A02BA005E7D6A /* Images.xcassets */; };
		28417DE5193A02BA005E7D6A /* XCTest.framework in Frameworks */ = {isa = PBXBuildFile; fileRef = 28417DE4193A02BA005E7D6A /* XCTest.framework */; };
		28417DE6193A02BA005E7D6A /* Foundation.framework in Frameworks */ = {isa = PBXBuildFile; fileRef = 28417DBE193A02BA005E7D6A /* Foundation.framework */; };
		28417DE7193A02BA005E7D6A /* UIKit.framework in Frameworks */ = {isa = PBXBuildFile; fileRef = 28417DC2193A02BA005E7D6A /* UIKit.framework */; };
		28417DEF193A02BA005E7D6A /* InfoPlist.strings in Resources */ = {isa = PBXBuildFile; fileRef = 28417DED193A02BA005E7D6A /* InfoPlist.strings */; };
		28417DF1193A02BA005E7D6A /* ThePathOfTheDragonTests.m in Sources */ = {isa = PBXBuildFile; fileRef = 28417DF0193A02BA005E7D6A /* ThePathOfTheDragonTests.m */; };
		28417E02193A04C1005E7D6A /* TowerBottom.png in Resources */ = {isa = PBXBuildFile; fileRef = 28417DFE193A04C1005E7D6A /* TowerBottom.png */; };
		28417E03193A04C1005E7D6A /* TowerTop.png in Resources */ = {isa = PBXBuildFile; fileRef = 28417DFF193A04C1005E7D6A /* TowerTop.png */; };
		28417E04193A04C1005E7D6A /* WallHorizontal.png in Resources */ = {isa = PBXBuildFile; fileRef = 28417E00193A04C1005E7D6A /* WallHorizontal.png */; };
		28417E05193A04C1005E7D6A /* WallVertical.png in Resources */ = {isa = PBXBuildFile; fileRef = 28417E01193A04C1005E7D6A /* WallVertical.png */; };
		28417E07193A04C6005E7D6A /* Desert.png in Resources */ = {isa = PBXBuildFile; fileRef = 28417E06193A04C6005E7D6A /* Desert.png */; };
		28417E09193A04CB005E7D6A /* Water.png in Resources */ = {isa = PBXBuildFile; fileRef = 28417E08193A04CB005E7D6A /* Water.png */; };
/* End PBXBuildFile section */

/* Begin PBXContainerItemProxy section */
		28417DE8193A02BA005E7D6A /* PBXContainerItemProxy */ = {
			isa = PBXContainerItemProxy;
			containerPortal = 28417DB3193A02BA005E7D6A /* Project object */;
			proxyType = 1;
			remoteGlobalIDString = 28417DBA193A02BA005E7D6A;
			remoteInfo = ThePathOfTheDragon;
		};
/* End PBXContainerItemProxy section */

/* Begin PBXFileReference section */
		28417DBB193A02BA005E7D6A /* ThePathOfTheDragon.app */ = {isa = PBXFileReference; explicitFileType = wrapper.application; includeInIndex = 0; path = ThePathOfTheDragon.app; sourceTree = BUILT_PRODUCTS_DIR; };
		28417DBE193A02BA005E7D6A /* Foundation.framework */ = {isa = PBXFileReference; lastKnownFileType = wrapper.framework; name = Foundation.framework; path = System/Library/Frameworks/Foundation.framework; sourceTree = SDKROOT; };
		28417DC0193A02BA005E7D6A /* CoreGraphics.framework */ = {isa = PBXFileReference; lastKnownFileType = wrapper.framework; name = CoreGraphics.framework; path = System/Library/Frameworks/CoreGraphics.framework; sourceTree = SDKROOT; };
		28417DC2193A02BA005E7D6A /* UIKit.framework */ = {isa = PBXFileReference; lastKnownFileType = wrapper.framework; name = UIKit.framework; path = System/Library/Frameworks/UIKit.framework; sourceTree = SDKROOT; };
		28417DC4193A02BA005E7D6A /* SpriteKit.framework */ = {isa = PBXFileReference; lastKnownFileType = wrapper.framework; name = SpriteKit.framework; path = System/Library/Frameworks/SpriteKit.framework; sourceTree = SDKROOT; };
		28417DC8193A02BA005E7D6A /* ThePathOfTheDragon-Info.plist */ = {isa = PBXFileReference; lastKnownFileType = text.plist.xml; path = "ThePathOfTheDragon-Info.plist"; sourceTree = "<group>"; };
		28417DCA193A02BA005E7D6A /* en */ = {isa = PBXFileReference; lastKnownFileType = text.plist.strings; name = en; path = en.lproj/InfoPlist.strings; sourceTree = "<group>"; };
		28417DCC193A02BA005E7D6A /* main.m */ = {isa = PBXFileReference; lastKnownFileType = sourcecode.c.objc; path = main.m; sourceTree = "<group>"; };
		28417DCE193A02BA005E7D6A /* ThePathOfTheDragon-Prefix.pch */ = {isa = PBXFileReference; lastKnownFileType = sourcecode.c.h; path = "ThePathOfTheDragon-Prefix.pch"; sourceTree = "<group>"; };
		28417DCF193A02BA005E7D6A /* PODAppDelegate.h */ = {isa = PBXFileReference; lastKnownFileType = sourcecode.c.h; path = PODAppDelegate.h; sourceTree = "<group>"; };
		28417DD0193A02BA005E7D6A /* PODAppDelegate.m */ = {isa = PBXFileReference; lastKnownFileType = sourcecode.c.objc; path = PODAppDelegate.m; sourceTree = "<group>"; };
		28417DD3193A02BA005E7D6A /* Base */ = {isa = PBXFileReference; lastKnownFileType = file.storyboard; name = Base; path = Base.lproj/Main.storyboard; sourceTree = "<group>"; };
		28417DD5193A02BA005E7D6A /* PODViewController.h */ = {isa = PBXFileReference; lastKnownFileType = sourcecode.c.h; path = PODViewController.h; sourceTree = "<group>"; };
		28417DD6193A02BA005E7D6A /* PODViewController.m */ = {isa = PBXFileReference; lastKnownFileType = sourcecode.c.objc; path = PODViewController.m; sourceTree = "<group>"; };
		28417DD8193A02BA005E7D6A /* PODGameScene.h */ = {isa = PBXFileReference; lastKnownFileType = sourcecode.c.h; path = PODGameScene.h; sourceTree = "<group>"; };
		28417DD9193A02BA005E7D6A /* PODGameScene.m */ = {isa = PBXFileReference; lastKnownFileType = sourcecode.c.objc; path = PODGameScene.m; sourceTree = "<group>"; };
		28417DDD193A02BA005E7D6A /* Images.xcassets */ = {isa = PBXFileReference; lastKnownFileType = folder.assetcatalog; path = Images.xcassets; sourceTree = "<group>"; };
		28417DE3193A02BA005E7D6A /* ThePathOfTheDragonTests.xctest */ = {isa = PBXFileReference; explicitFileType = wrapper.cfbundle; includeInIndex = 0; path = ThePathOfTheDragonTests.xctest; sourceTree = BUILT_PRODUCTS_DIR; };
		28417DE4193A02BA005E7D6A /* XCTest.framework */ = {isa = PBXFileReference; lastKnownFileType = wrapper.framework; name = XCTest.framework; path = Library/Frameworks/XCTest.framework; sourceTree = DEVELOPER_DIR; };
		28417DEC193A02BA005E7D6A /* ThePathOfTheDragonTests-Info.plist */ = {isa = PBXFileReference; lastKnownFileType = text.plist.xml; path = "ThePathOfTheDragonTests-Info.plist"; sourceTree = "<group>"; };
		28417DEE193A02BA005E7D6A /* en */ = {isa = PBXFileReference; lastKnownFileType = text.plist.strings; name = en; path = en.lproj/InfoPlist.strings; sourceTree = "<group>"; };
		28417DF0193A02BA005E7D6A /* ThePathOfTheDragonTests.m */ = {isa = PBXFileReference; lastKnownFileType = sourcecode.c.objc; path = ThePathOfTheDragonTests.m; sourceTree = "<group>"; };
		28417DFE193A04C1005E7D6A /* TowerBottom.png */ = {isa = PBXFileReference; lastKnownFileType = image.png; path = TowerBottom.png; sourceTree = "<group>"; };
		28417DFF193A04C1005E7D6A /* TowerTop.png */ = {isa = PBXFileReference; lastKnownFileType = image.png; path = TowerTop.png; sourceTree = "<group>"; };
		28417E00193A04C1005E7D6A /* WallHorizontal.png */ = {isa = PBXFileReference; lastKnownFileType = image.png; path = WallHorizontal.png; sourceTree = "<group>"; };
		28417E01193A04C1005E7D6A /* WallVertical.png */ = {isa = PBXFileReference; lastKnownFileType = image.png; path = WallVertical.png; sourceTree = "<group>"; };
		28417E06193A04C6005E7D6A /* Desert.png */ = {isa = PBXFileReference; lastKnownFileType = image.png; path = Desert.png; sourceTree = "<group>"; };
		28417E08193A04CB005E7D6A /* Water.png */ = {isa = PBXFileReference; lastKnownFileType = image.png; path = Water.png; sourceTree = "<group>"; };
/* End PBXFileReference section */

/* Begin PBXFrameworksBuildPhase section */
		28417DB8193A02BA005E7D6A /* Frameworks */ = {
			isa = PBXFrameworksBuildPhase;
			buildActionMask = 2147483647;
			files = (
				28417DC1193A02BA005E7D6A /* CoreGraphics.framework in Frameworks */,
				28417DC3193A02BA005E7D6A /* UIKit.framework in Frameworks */,
				28417DC5193A02BA005E7D6A /* SpriteKit.framework in Frameworks */,
				28417DBF193A02BA005E7D6A /* Foundation.framework in Frameworks */,
			);
			runOnlyForDeploymentPostprocessing = 0;
		};
		28417DE0193A02BA005E7D6A /* Frameworks */ = {
			isa = PBXFrameworksBuildPhase;
			buildActionMask = 2147483647;
			files = (
				28417DE5193A02BA005E7D6A /* XCTest.framework in Frameworks */,
				28417DE7193A02BA005E7D6A /* UIKit.framework in Frameworks */,
				28417DE6193A02BA005E7D6A /* Foundation.framework in Frameworks */,
			);
			runOnlyForDeploymentPostprocessing = 0;
		};
/* End PBXFrameworksBuildPhase section */

/* Begin PBXGroup section */
		28417DB2193A02BA005E7D6A = {
			isa = PBXGroup;
			children = (
				28417DC6193A02BA005E7D6A /* ThePathOfTheDragon */,
				28417DEA193A02BA005E7D6A /* ThePathOfTheDragonTests */,
				28417DBD193A02BA005E7D6A /* Frameworks */,
				28417DBC193A02BA005E7D6A /* Products */,
			);
			sourceTree = "<group>";
		};
		28417DBC193A02BA005E7D6A /* Products */ = {
			isa = PBXGroup;
			children = (
				28417DBB193A02BA005E7D6A /* ThePathOfTheDragon.app */,
				28417DE3193A02BA005E7D6A /* ThePathOfTheDragonTests.xctest */,
			);
			name = Products;
			sourceTree = "<group>";
		};
		28417DBD193A02BA005E7D6A /* Frameworks */ = {
			isa = PBXGroup;
			children = (
				28417DBE193A02BA005E7D6A /* Foundation.framework */,
				28417DC0193A02BA005E7D6A /* CoreGraphics.framework */,
				28417DC2193A02BA005E7D6A /* UIKit.framework */,
				28417DC4193A02BA005E7D6A /* SpriteKit.framework */,
				28417DE4193A02BA005E7D6A /* XCTest.framework */,
			);
			name = Frameworks;
			sourceTree = "<group>";
		};
		28417DC6193A02BA005E7D6A /* ThePathOfTheDragon */ = {
			isa = PBXGroup;
			children = (
				28417DFC193A04A3005E7D6A /* Ressources */,
				28417DFB193A0383005E7D6A /* Scenes */,
				28417DFA193A0375005E7D6A /* View */,
				28417DCF193A02BA005E7D6A /* PODAppDelegate.h */,
				28417DD0193A02BA005E7D6A /* PODAppDelegate.m */,
				28417DD2193A02BA005E7D6A /* Main.storyboard */,
				28417DDD193A02BA005E7D6A /* Images.xcassets */,
				28417DC7193A02BA005E7D6A /* Supporting Files */,
			);
			path = ThePathOfTheDragon;
			sourceTree = "<group>";
		};
		28417DC7193A02BA005E7D6A /* Supporting Files */ = {
			isa = PBXGroup;
			children = (
				28417DC8193A02BA005E7D6A /* ThePathOfTheDragon-Info.plist */,
				28417DC9193A02BA005E7D6A /* InfoPlist.strings */,
				28417DCC193A02BA005E7D6A /* main.m */,
				28417DCE193A02BA005E7D6A /* ThePathOfTheDragon-Prefix.pch */,
			);
			name = "Supporting Files";
			sourceTree = "<group>";
		};
		28417DEA193A02BA005E7D6A /* ThePathOfTheDragonTests */ = {
			isa = PBXGroup;
			children = (
				28417DF0193A02BA005E7D6A /* ThePathOfTheDragonTests.m */,
				28417DEB193A02BA005E7D6A /* Supporting Files */,
			);
			path = ThePathOfTheDragonTests;
			sourceTree = "<group>";
		};
		28417DEB193A02BA005E7D6A /* Supporting Files */ = {
			isa = PBXGroup;
			children = (
				28417DEC193A02BA005E7D6A /* ThePathOfTheDragonTests-Info.plist */,
				28417DED193A02BA005E7D6A /* InfoPlist.strings */,
			);
			name = "Supporting Files";
			sourceTree = "<group>";
		};
		28417DFA193A0375005E7D6A /* View */ = {
			isa = PBXGroup;
			children = (
				28417DD5193A02BA005E7D6A /* PODViewController.h */,
				28417DD6193A02BA005E7D6A /* PODViewController.m */,
			);
			name = View;
			sourceTree = "<group>";
		};
		28417DFB193A0383005E7D6A /* Scenes */ = {
			isa = PBXGroup;
			children = (
				28417DD8193A02BA005E7D6A /* PODGameScene.h */,
				28417DD9193A02BA005E7D6A /* PODGameScene.m */,
			);
			name = Scenes;
			sourceTree = "<group>";
		};
		28417DFC193A04A3005E7D6A /* Ressources */ = {
			isa = PBXGroup;
			children = (
				28417E06193A04C6005E7D6A /* Desert.png */,
				28417E08193A04CB005E7D6A /* Water.png */,
				28417DFD193A04AC005E7D6A /* Castle */,
			);
			name = Ressources;
			sourceTree = "<group>";
		};
		28417DFD193A04AC005E7D6A /* Castle */ = {
			isa = PBXGroup;
			children = (
				28417DFE193A04C1005E7D6A /* TowerBottom.png */,
				28417DFF193A04C1005E7D6A /* TowerTop.png */,
				28417E00193A04C1005E7D6A /* WallHorizontal.png */,
				28417E01193A04C1005E7D6A /* WallVertical.png */,
			);
			name = Castle;
			sourceTree = "<group>";
		};
/* End PBXGroup section */

/* Begin PBXNativeTarget section */
		28417DBA193A02BA005E7D6A /* ThePathOfTheDragon */ = {
			isa = PBXNativeTarget;
			buildConfigurationList = 28417DF4193A02BA005E7D6A /* Build configuration list for PBXNativeTarget "ThePathOfTheDragon" */;
			buildPhases = (
				28417DB7193A02BA005E7D6A /* Sources */,
				28417DB8193A02BA005E7D6A /* Frameworks */,
				28417DB9193A02BA005E7D6A /* Resources */,
			);
			buildRules = (
			);
			dependencies = (
			);
			name = ThePathOfTheDragon;
			productName = ThePathOfTheDragon;
			productReference = 28417DBB193A02BA005E7D6A /* ThePathOfTheDragon.app */;
			productType = "com.apple.product-type.application";
		};
		28417DE2193A02BA005E7D6A /* ThePathOfTheDragonTests */ = {
			isa = PBXNativeTarget;
			buildConfigurationList = 28417DF7193A02BA005E7D6A /* Build configuration list for PBXNativeTarget "ThePathOfTheDragonTests" */;
			buildPhases = (
				28417DDF193A02BA005E7D6A /* Sources */,
				28417DE0193A02BA005E7D6A /* Frameworks */,
				28417DE1193A02BA005E7D6A /* Resources */,
			);
			buildRules = (
			);
			dependencies = (
				28417DE9193A02BA005E7D6A /* PBXTargetDependency */,
			);
			name = ThePathOfTheDragonTests;
			productName = ThePathOfTheDragonTests;
			productReference = 28417DE3193A02BA005E7D6A /* ThePathOfTheDragonTests.xctest */;
			productType = "com.apple.product-type.bundle.unit-test";
		};
/* End PBXNativeTarget section */

/* Begin PBXProject section */
		28417DB3193A02BA005E7D6A /* Project object */ = {
			isa = PBXProject;
			attributes = {
				CLASSPREFIX = POD;
				LastUpgradeCheck = 0510;
				ORGANIZATIONNAME = "Markus Kammerhofer";
				TargetAttributes = {
					28417DE2193A02BA005E7D6A = {
						TestTargetID = 28417DBA193A02BA005E7D6A;
					};
				};
			};
			buildConfigurationList = 28417DB6193A02BA005E7D6A /* Build configuration list for PBXProject "ThePathOfTheDragon" */;
			compatibilityVersion = "Xcode 3.2";
			developmentRegion = English;
			hasScannedForEncodings = 0;
			knownRegions = (
				en,
				Base,
			);
			mainGroup = 28417DB2193A02BA005E7D6A;
			productRefGroup = 28417DBC193A02BA005E7D6A /* Products */;
			projectDirPath = "";
			projectRoot = "";
			targets = (
				28417DBA193A02BA005E7D6A /* ThePathOfTheDragon */,
				28417DE2193A02BA005E7D6A /* ThePathOfTheDragonTests */,
			);
		};
/* End PBXProject section */

/* Begin PBXResourcesBuildPhase section */
		28417DB9193A02BA005E7D6A /* Resources */ = {
			isa = PBXResourcesBuildPhase;
			buildActionMask = 2147483647;
			files = (
				28417E09193A04CB005E7D6A /* Water.png in Resources */,
				28417E05193A04C1005E7D6A /* WallVertical.png in Resources */,
				28417E03193A04C1005E7D6A /* TowerTop.png in Resources */,
				28417E04193A04C1005E7D6A /* WallHorizontal.png in Resources */,
				28417E02193A04C1005E7D6A /* TowerBottom.png in Resources */,
				28417E07193A04C6005E7D6A /* Desert.png in Resources */,
				28417DCB193A02BA005E7D6A /* InfoPlist.strings in Resources */,
				28417DDE193A02BA005E7D6A /* Images.xcassets in Resources */,
				28417DD4193A02BA005E7D6A /* Main.storyboard in Resources */,
			);
			runOnlyForDeploymentPostprocessing = 0;
		};
		28417DE1193A02BA005E7D6A /* Resources */ = {
			isa = PBXResourcesBuildPhase;
			buildActionMask = 2147483647;
			files = (
				28417DEF193A02BA005E7D6A /* InfoPlist.strings in Resources */,
			);
			runOnlyForDeploymentPostprocessing = 0;
		};
/* End PBXResourcesBuildPhase section */

/* Begin PBXSourcesBuildPhase section */
		28417DB7193A02BA005E7D6A /* Sources */ = {
			isa = PBXSourcesBuildPhase;
			buildActionMask = 2147483647;
			files = (
				28417DD7193A02BA005E7D6A /* PODViewController.m in Sources */,
				28417DD1193A02BA005E7D6A /* PODAppDelegate.m in Sources */,
				28417DDA193A02BA005E7D6A /* PODGameScene.m in Sources */,
				28417DCD193A02BA005E7D6A /* main.m in Sources */,
			);
			runOnlyForDeploymentPostprocessing = 0;
		};
		28417DDF193A02BA005E7D6A /* Sources */ = {
			isa = PBXSourcesBuildPhase;
			buildActionMask = 2147483647;
			files = (
				28417DF1193A02BA005E7D6A /* ThePathOfTheDragonTests.m in Sources */,
			);
			runOnlyForDeploymentPostprocessing = 0;
		};
/* End PBXSourcesBuildPhase section */

/* Begin PBXTargetDependency section */
		28417DE9193A02BA005E7D6A /* PBXTargetDependency */ = {
			isa = PBXTargetDependency;
			target = 28417DBA193A02BA005E7D6A /* ThePathOfTheDragon */;
			targetProxy = 28417DE8193A02BA005E7D6A /* PBXContainerItemProxy */;
		};
/* End PBXTargetDependency section */

/* Begin PBXVariantGroup section */
		28417DC9193A02BA005E7D6A /* InfoPlist.strings */ = {
			isa = PBXVariantGroup;
			children = (
				28417DCA193A02BA005E7D6A /* en */,
			);
			name = InfoPlist.strings;
			sourceTree = "<group>";
		};
		28417DD2193A02BA005E7D6A /* Main.storyboard */ = {
			isa = PBXVariantGroup;
			children = (
				28417DD3193A02BA005E7D6A /* Base */,
			);
			name = Main.storyboard;
			sourceTree = "<group>";
		};
		28417DED193A02BA005E7D6A /* InfoPlist.strings */ = {
			isa = PBXVariantGroup;
			children = (
				28417DEE193A02BA005E7D6A /* en */,
			);
			name = InfoPlist.strings;
			sourceTree = "<group>";
		};
/* End PBXVariantGroup section */

/* Begin XCBuildConfiguration section */
		28417DF2193A02BA005E7D6A /* Debug */ = {
			isa = XCBuildConfiguration;
			buildSettings = {
				ALWAYS_SEARCH_USER_PATHS = NO;
				CLANG_CXX_LANGUAGE_STANDARD = "gnu++0x";
				CLANG_CXX_LIBRARY = "libc++";
				CLANG_ENABLE_MODULES = YES;
				CLANG_ENABLE_OBJC_ARC = YES;
				CLANG_WARN_BOOL_CONVERSION = YES;
				CLANG_WARN_CONSTANT_CONVERSION = YES;
				CLANG_WARN_DIRECT_OBJC_ISA_USAGE = YES_ERROR;
				CLANG_WARN_EMPTY_BODY = YES;
				CLANG_WARN_ENUM_CONVERSION = YES;
				CLANG_WARN_INT_CONVERSION = YES;
				CLANG_WARN_OBJC_ROOT_CLASS = YES_ERROR;
				CLANG_WARN__DUPLICATE_METHOD_MATCH = YES;
				"CODE_SIGN_IDENTITY[sdk=iphoneos*]" = "iPhone Developer";
				COPY_PHASE_STRIP = NO;
				GCC_C_LANGUAGE_STANDARD = gnu99;
				GCC_DYNAMIC_NO_PIC = NO;
				GCC_OPTIMIZATION_LEVEL = 0;
				GCC_PREPROCESSOR_DEFINITIONS = (
					"DEBUG=1",
					"$(inherited)",
				);
				GCC_SYMBOLS_PRIVATE_EXTERN = NO;
				GCC_WARN_64_TO_32_BIT_CONVERSION = YES;
				GCC_WARN_ABOUT_RETURN_TYPE = YES_ERROR;
				GCC_WARN_UNDECLARED_SELECTOR = YES;
				GCC_WARN_UNINITIALIZED_AUTOS = YES_AGGRESSIVE;
				GCC_WARN_UNUSED_FUNCTION = YES;
				GCC_WARN_UNUSED_VARIABLE = YES;
				IPHONEOS_DEPLOYMENT_TARGET = 7.1;
				ONLY_ACTIVE_ARCH = YES;
				SDKROOT = iphoneos;
				TARGETED_DEVICE_FAMILY = 2;
			};
			name = Debug;
		};
		28417DF3193A02BA005E7D6A /* Release */ = {
			isa = XCBuildConfiguration;
			buildSettings = {
				ALWAYS_SEARCH_USER_PATHS = NO;
				CLANG_CXX_LANGUAGE_STANDARD = "gnu++0x";
				CLANG_CXX_LIBRARY = "libc++";
				CLANG_ENABLE_MODULES = YES;
				CLANG_ENABLE_OBJC_ARC = YES;
				CLANG_WARN_BOOL_CONVERSION = YES;
				CLANG_WARN_CONSTANT_CONVERSION = YES;
				CLANG_WARN_DIRECT_OBJC_ISA_USAGE = YES_ERROR;
				CLANG_WARN_EMPTY_BODY = YES;
				CLANG_WARN_ENUM_CONVERSION = YES;
				CLANG_WARN_INT_CONVERSION = YES;
				CLANG_WARN_OBJC_ROOT_CLASS = YES_ERROR;
				CLANG_WARN__DUPLICATE_METHOD_MATCH = YES;
				"CODE_SIGN_IDENTITY[sdk=iphoneos*]" = "iPhone Developer";
				COPY_PHASE_STRIP = YES;
				ENABLE_NS_ASSERTIONS = NO;
				GCC_C_LANGUAGE_STANDARD = gnu99;
				GCC_WARN_64_TO_32_BIT_CONVERSION = YES;
				GCC_WARN_ABOUT_RETURN_TYPE = YES_ERROR;
				GCC_WARN_UNDECLARED_SELECTOR = YES;
				GCC_WARN_UNINITIALIZED_AUTOS = YES_AGGRESSIVE;
				GCC_WARN_UNUSED_FUNCTION = YES;
				GCC_WARN_UNUSED_VARIABLE = YES;
				IPHONEOS_DEPLOYMENT_TARGET = 7.1;
				SDKROOT = iphoneos;
				TARGETED_DEVICE_FAMILY = 2;
				VALIDATE_PRODUCT = YES;
			};
			name = Release;
		};
		28417DF5193A02BA005E7D6A /* Debug */ = {
			isa = XCBuildConfiguration;
			buildSettings = {
				ASSETCATALOG_COMPILER_APPICON_NAME = AppIcon;
				ASSETCATALOG_COMPILER_LAUNCHIMAGE_NAME = LaunchImage;
				GCC_PRECOMPILE_PREFIX_HEADER = YES;
				GCC_PREFIX_HEADER = "ThePathOfTheDragon/ThePathOfTheDragon-Prefix.pch";
				INFOPLIST_FILE = "ThePathOfTheDragon/ThePathOfTheDragon-Info.plist";
				PRODUCT_NAME = "$(TARGET_NAME)";
				SPRITEKIT_TEXTURE_ATLAS_OUTPUT = YES;
				WRAPPER_EXTENSION = app;
			};
			name = Debug;
		};
		28417DF6193A02BA005E7D6A /* Release */ = {
			isa = XCBuildConfiguration;
			buildSettings = {
				ASSETCATALOG_COMPILER_APPICON_NAME = AppIcon;
				ASSETCATALOG_COMPILER_LAUNCHIMAGE_NAME = LaunchImage;
				GCC_PRECOMPILE_PREFIX_HEADER = YES;
				GCC_PREFIX_HEADER = "ThePathOfTheDragon/ThePathOfTheDragon-Prefix.pch";
				INFOPLIST_FILE = "ThePathOfTheDragon/ThePathOfTheDragon-Info.plist";
				PRODUCT_NAME = "$(TARGET_NAME)";
				SPRITEKIT_TEXTURE_ATLAS_OUTPUT = YES;
				WRAPPER_EXTENSION = app;
			};
			name = Release;
		};
		28417DF8193A02BA005E7D6A /* Debug */ = {
			isa = XCBuildConfiguration;
			buildSettings = {
				BUNDLE_LOADER = "$(BUILT_PRODUCTS_DIR)/ThePathOfTheDragon.app/ThePathOfTheDragon";
				FRAMEWORK_SEARCH_PATHS = (
					"$(SDKROOT)/Developer/Library/Frameworks",
					"$(inherited)",
					"$(DEVELOPER_FRAMEWORKS_DIR)",
				);
				GCC_PRECOMPILE_PREFIX_HEADER = YES;
				GCC_PREFIX_HEADER = "ThePathOfTheDragon/ThePathOfTheDragon-Prefix.pch";
				GCC_PREPROCESSOR_DEFINITIONS = (
					"DEBUG=1",
					"$(inherited)",
				);
				INFOPLIST_FILE = "ThePathOfTheDragonTests/ThePathOfTheDragonTests-Info.plist";
				PRODUCT_NAME = "$(TARGET_NAME)";
				TEST_HOST = "$(BUNDLE_LOADER)";
				WRAPPER_EXTENSION = xctest;
			};
			name = Debug;
		};
		28417DF9193A02BA005E7D6A /* Release */ = {
			isa = XCBuildConfiguration;
			buildSettings = {
				BUNDLE_LOADER = "$(BUILT_PRODUCTS_DIR)/ThePathOfTheDragon.app/ThePathOfTheDragon";
				FRAMEWORK_SEARCH_PATHS = (
					"$(SDKROOT)/Developer/Library/Frameworks",
					"$(inherited)",
					"$(DEVELOPER_FRAMEWORKS_DIR)",
				);
				GCC_PRECOMPILE_PREFIX_HEADER = YES;
				GCC_PREFIX_HEADER = "ThePathOfTheDragon/ThePathOfTheDragon-Prefix.pch";
				INFOPLIST_FILE = "ThePathOfTheDragonTests/ThePathOfTheDragonTests-Info.plist";
				PRODUCT_NAME = "$(TARGET_NAME)";
				TEST_HOST = "$(BUNDLE_LOADER)";
				WRAPPER_EXTENSION = xctest;
			};
			name = Release;
		};
/* End XCBuildConfiguration section */

/* Begin XCConfigurationList section */
		28417DB6193A02BA005E7D6A /* Build configuration list for PBXProject "ThePathOfTheDragon" */ = {
			isa = XCConfigurationList;
			buildConfigurations = (
				28417DF2193A02BA005E7D6A /* Debug */,
				28417DF3193A02BA005E7D6A /* Release */,
			);
			defaultConfigurationIsVisible = 0;
			defaultConfigurationName = Release;
		};
		28417DF4193A02BA005E7D6A /* Build configuration list for PBXNativeTarget "ThePathOfTheDragon" */ = {
			isa = XCConfigurationList;
			buildConfigurations = (
				28417DF5193A02BA005E7D6A /* Debug */,
				28417DF6193A02BA005E7D6A /* Release */,
			);
			defaultConfigurationIsVisible = 0;
		};
		28417DF7193A02BA005E7D6A /* Build configuration list for PBXNativeTarget "ThePathOfTheDragonTests" */ = {
			isa = XCConfigurationList;
			buildConfigurations = (
				28417DF8193A02BA005E7D6A /* Debug */,
				28417DF9193A02BA005E7D6A /* Release */,
			);
			defaultConfigurationIsVisible = 0;
		};
/* End XCConfigurationList section */
	};
	rootObject = 28417DB3193A02BA005E7D6A /* Project object */;
}
