// !$*UTF8*$!
{
	archiveVersion = 1;
	classes = {
	};
	objectVersion = 46;
	objects = {

/* Begin PBXBuildFile section */
		281BC8BB1944538F0032CD38 /* PODCollisionHandling.m in Sources */ = {isa = PBXBuildFile; fileRef = 281BC8BA1944538F0032CD38 /* PODCollisionHandling.m */; };
		281BC8BF194644860032CD38 /* PODHero.m in Sources */ = {isa = PBXBuildFile; fileRef = 281BC8BE194644860032CD38 /* PODHero.m */; };
		281BC8C119466A300032CD38 /* PODTestHero.m in Sources */ = {isa = PBXBuildFile; fileRef = 281BC8C019466A300032CD38 /* PODTestHero.m */; };
		2825D246193A3613009EEC1A /* Foundation.framework in Frameworks */ = {isa = PBXBuildFile; fileRef = 2825D245193A3613009EEC1A /* Foundation.framework */; };
		2825D248193A3613009EEC1A /* CoreGraphics.framework in Frameworks */ = {isa = PBXBuildFile; fileRef = 2825D247193A3613009EEC1A /* CoreGraphics.framework */; };
		2825D24A193A3613009EEC1A /* UIKit.framework in Frameworks */ = {isa = PBXBuildFile; fileRef = 2825D249193A3613009EEC1A /* UIKit.framework */; };
		2825D24C193A3613009EEC1A /* SpriteKit.framework in Frameworks */ = {isa = PBXBuildFile; fileRef = 2825D24B193A3613009EEC1A /* SpriteKit.framework */; };
		2825D252193A3613009EEC1A /* InfoPlist.strings in Resources */ = {isa = PBXBuildFile; fileRef = 2825D250193A3613009EEC1A /* InfoPlist.strings */; };
		2825D254193A3613009EEC1A /* main.m in Sources */ = {isa = PBXBuildFile; fileRef = 2825D253193A3613009EEC1A /* main.m */; };
		2825D25B193A3613009EEC1A /* Main.storyboard in Resources */ = {isa = PBXBuildFile; fileRef = 2825D259193A3613009EEC1A /* Main.storyboard */; };
		2825D263193A3613009EEC1A /* Spaceship.png in Resources */ = {isa = PBXBuildFile; fileRef = 2825D262193A3613009EEC1A /* Spaceship.png */; };
		2825D265193A3613009EEC1A /* Images.xcassets in Resources */ = {isa = PBXBuildFile; fileRef = 2825D264193A3613009EEC1A /* Images.xcassets */; };
		2825D26C193A3614009EEC1A /* XCTest.framework in Frameworks */ = {isa = PBXBuildFile; fileRef = 2825D26B193A3614009EEC1A /* XCTest.framework */; };
		2825D26D193A3614009EEC1A /* Foundation.framework in Frameworks */ = {isa = PBXBuildFile; fileRef = 2825D245193A3613009EEC1A /* Foundation.framework */; };
		2825D26E193A3614009EEC1A /* UIKit.framework in Frameworks */ = {isa = PBXBuildFile; fileRef = 2825D249193A3613009EEC1A /* UIKit.framework */; };
		2825D276193A3614009EEC1A /* InfoPlist.strings in Resources */ = {isa = PBXBuildFile; fileRef = 2825D274193A3614009EEC1A /* InfoPlist.strings */; };
		2825D28C193A3715009EEC1A /* PODViewController.m in Sources */ = {isa = PBXBuildFile; fileRef = 2825D28B193A3715009EEC1A /* PODViewController.m */; };
		2825D28F193A3722009EEC1A /* PODAppDelegate.m in Sources */ = {isa = PBXBuildFile; fileRef = 2825D28E193A3722009EEC1A /* PODAppDelegate.m */; };
		2825D292193A373A009EEC1A /* PODCastleNode.m in Sources */ = {isa = PBXBuildFile; fileRef = 2825D291193A373A009EEC1A /* PODCastleNode.m */; };
		2825D295193A3795009EEC1A /* PODGameScene.m in Sources */ = {isa = PBXBuildFile; fileRef = 2825D294193A3795009EEC1A /* PODGameScene.m */; };
		2825D298193A37BA009EEC1A /* Background.atlas in Resources */ = {isa = PBXBuildFile; fileRef = 2825D296193A37BA009EEC1A /* Background.atlas */; };
		2825D299193A37BA009EEC1A /* Castle.atlas in Resources */ = {isa = PBXBuildFile; fileRef = 2825D297193A37BA009EEC1A /* Castle.atlas */; };
		285A00BE193B593600651177 /* PODRiverNode.m in Sources */ = {isa = PBXBuildFile; fileRef = 285A00BD193B593600651177 /* PODRiverNode.m */; };
		285A00C1193B9E8800651177 /* PODMapNode.m in Sources */ = {isa = PBXBuildFile; fileRef = 285A00C0193B9E8800651177 /* PODMapNode.m */; };
		285A00C4193BB4B700651177 /* PODGameNode.m in Sources */ = {isa = PBXBuildFile; fileRef = 285A00C3193BB4B700651177 /* PODGameNode.m */; };
		28994F2719489A28000594F7 /* PODCoinNode.m in Sources */ = {isa = PBXBuildFile; fileRef = 28994F2619489A28000594F7 /* PODCoinNode.m */; };
		28994F2919489B98000594F7 /* Coin.atlas in Resources */ = {isa = PBXBuildFile; fileRef = 28994F2819489B98000594F7 /* Coin.atlas */; };
		28994F2B19489BF9000594F7 /* Muenze.atlas in Resources */ = {isa = PBXBuildFile; fileRef = 28994F2A19489BF9000594F7 /* Muenze.atlas */; };
		479F2E45193DD5E8001DB1EC /* spriteHero.atlas in Resources */ = {isa = PBXBuildFile; fileRef = 479F2E44193DD5E8001DB1EC /* spriteHero.atlas */; };
/* End PBXBuildFile section */

/* Begin PBXContainerItemProxy section */
		2825D26F193A3614009EEC1A /* PBXContainerItemProxy */ = {
			isa = PBXContainerItemProxy;
			containerPortal = 2825D23A193A3613009EEC1A /* Project object */;
			proxyType = 1;
			remoteGlobalIDString = 2825D241193A3613009EEC1A;
			remoteInfo = ThePathOfTheDragon;
		};
/* End PBXContainerItemProxy section */

/* Begin PBXFileReference section */
		281BC8B91944538F0032CD38 /* PODCollisionHandling.h */ = {isa = PBXFileReference; fileEncoding = 4; lastKnownFileType = sourcecode.c.h; path = PODCollisionHandling.h; sourceTree = "<group>"; };
		281BC8BA1944538F0032CD38 /* PODCollisionHandling.m */ = {isa = PBXFileReference; fileEncoding = 4; lastKnownFileType = sourcecode.c.objc; path = PODCollisionHandling.m; sourceTree = "<group>"; };
		281BC8BD194644860032CD38 /* PODHero.h */ = {isa = PBXFileReference; fileEncoding = 4; lastKnownFileType = sourcecode.c.h; path = PODHero.h; sourceTree = "<group>"; };
		281BC8BE194644860032CD38 /* PODHero.m */ = {isa = PBXFileReference; fileEncoding = 4; lastKnownFileType = sourcecode.c.objc; path = PODHero.m; sourceTree = "<group>"; };
		281BC8C019466A300032CD38 /* PODTestHero.m */ = {isa = PBXFileReference; fileEncoding = 4; lastKnownFileType = sourcecode.c.objc; path = PODTestHero.m; sourceTree = "<group>"; };
		2825D242193A3613009EEC1A /* ThePathOfTheDragon.app */ = {isa = PBXFileReference; explicitFileType = wrapper.application; includeInIndex = 0; path = ThePathOfTheDragon.app; sourceTree = BUILT_PRODUCTS_DIR; };
		2825D245193A3613009EEC1A /* Foundation.framework */ = {isa = PBXFileReference; lastKnownFileType = wrapper.framework; name = Foundation.framework; path = System/Library/Frameworks/Foundation.framework; sourceTree = SDKROOT; };
		2825D247193A3613009EEC1A /* CoreGraphics.framework */ = {isa = PBXFileReference; lastKnownFileType = wrapper.framework; name = CoreGraphics.framework; path = System/Library/Frameworks/CoreGraphics.framework; sourceTree = SDKROOT; };
		2825D249193A3613009EEC1A /* UIKit.framework */ = {isa = PBXFileReference; lastKnownFileType = wrapper.framework; name = UIKit.framework; path = System/Library/Frameworks/UIKit.framework; sourceTree = SDKROOT; };
		2825D24B193A3613009EEC1A /* SpriteKit.framework */ = {isa = PBXFileReference; lastKnownFileType = wrapper.framework; name = SpriteKit.framework; path = System/Library/Frameworks/SpriteKit.framework; sourceTree = SDKROOT; };
		2825D24F193A3613009EEC1A /* ThePathOfTheDragon-Info.plist */ = {isa = PBXFileReference; lastKnownFileType = text.plist.xml; path = "ThePathOfTheDragon-Info.plist"; sourceTree = "<group>"; };
		2825D251193A3613009EEC1A /* en */ = {isa = PBXFileReference; lastKnownFileType = text.plist.strings; name = en; path = en.lproj/InfoPlist.strings; sourceTree = "<group>"; };
		2825D253193A3613009EEC1A /* main.m */ = {isa = PBXFileReference; lastKnownFileType = sourcecode.c.objc; path = main.m; sourceTree = "<group>"; };
		2825D255193A3613009EEC1A /* ThePathOfTheDragon-Prefix.pch */ = {isa = PBXFileReference; lastKnownFileType = sourcecode.c.h; path = "ThePathOfTheDragon-Prefix.pch"; sourceTree = "<group>"; };
		2825D25A193A3613009EEC1A /* Base */ = {isa = PBXFileReference; lastKnownFileType = file.storyboard; name = Base; path = Base.lproj/Main.storyboard; sourceTree = "<group>"; };
		2825D262193A3613009EEC1A /* Spaceship.png */ = {isa = PBXFileReference; lastKnownFileType = image.png; path = Spaceship.png; sourceTree = "<group>"; };
		2825D264193A3613009EEC1A /* Images.xcassets */ = {isa = PBXFileReference; lastKnownFileType = folder.assetcatalog; path = Images.xcassets; sourceTree = "<group>"; };
		2825D26A193A3614009EEC1A /* ThePathOfTheDragonTests.xctest */ = {isa = PBXFileReference; explicitFileType = wrapper.cfbundle; includeInIndex = 0; path = ThePathOfTheDragonTests.xctest; sourceTree = BUILT_PRODUCTS_DIR; };
		2825D26B193A3614009EEC1A /* XCTest.framework */ = {isa = PBXFileReference; lastKnownFileType = wrapper.framework; name = XCTest.framework; path = Library/Frameworks/XCTest.framework; sourceTree = DEVELOPER_DIR; };
		2825D273193A3614009EEC1A /* ThePathOfTheDragonTests-Info.plist */ = {isa = PBXFileReference; lastKnownFileType = text.plist.xml; path = "ThePathOfTheDragonTests-Info.plist"; sourceTree = "<group>"; };
		2825D275193A3614009EEC1A /* en */ = {isa = PBXFileReference; lastKnownFileType = text.plist.strings; name = en; path = en.lproj/InfoPlist.strings; sourceTree = "<group>"; };
		2825D28A193A3715009EEC1A /* PODViewController.h */ = {isa = PBXFileReference; fileEncoding = 4; lastKnownFileType = sourcecode.c.h; path = PODViewController.h; sourceTree = "<group>"; };
		2825D28B193A3715009EEC1A /* PODViewController.m */ = {isa = PBXFileReference; fileEncoding = 4; lastKnownFileType = sourcecode.c.objc; path = PODViewController.m; sourceTree = "<group>"; };
		2825D28D193A3722009EEC1A /* PODAppDelegate.h */ = {isa = PBXFileReference; fileEncoding = 4; lastKnownFileType = sourcecode.c.h; path = PODAppDelegate.h; sourceTree = "<group>"; };
		2825D28E193A3722009EEC1A /* PODAppDelegate.m */ = {isa = PBXFileReference; fileEncoding = 4; lastKnownFileType = sourcecode.c.objc; path = PODAppDelegate.m; sourceTree = "<group>"; };
		2825D290193A373A009EEC1A /* PODCastleNode.h */ = {isa = PBXFileReference; fileEncoding = 4; lastKnownFileType = sourcecode.c.h; path = PODCastleNode.h; sourceTree = "<group>"; };
		2825D291193A373A009EEC1A /* PODCastleNode.m */ = {isa = PBXFileReference; fileEncoding = 4; lastKnownFileType = sourcecode.c.objc; path = PODCastleNode.m; sourceTree = "<group>"; };
		2825D293193A3795009EEC1A /* PODGameScene.h */ = {isa = PBXFileReference; fileEncoding = 4; lastKnownFileType = sourcecode.c.h; path = PODGameScene.h; sourceTree = "<group>"; };
		2825D294193A3795009EEC1A /* PODGameScene.m */ = {isa = PBXFileReference; fileEncoding = 4; lastKnownFileType = sourcecode.c.objc; path = PODGameScene.m; sourceTree = "<group>"; };
		2825D296193A37BA009EEC1A /* Background.atlas */ = {isa = PBXFileReference; lastKnownFileType = folder.skatlas; path = Background.atlas; sourceTree = "<group>"; };
		2825D297193A37BA009EEC1A /* Castle.atlas */ = {isa = PBXFileReference; lastKnownFileType = folder.skatlas; path = Castle.atlas; sourceTree = "<group>"; };
		285A00BC193B593600651177 /* PODRiverNode.h */ = {isa = PBXFileReference; fileEncoding = 4; lastKnownFileType = sourcecode.c.h; path = PODRiverNode.h; sourceTree = "<group>"; };
		285A00BD193B593600651177 /* PODRiverNode.m */ = {isa = PBXFileReference; fileEncoding = 4; lastKnownFileType = sourcecode.c.objc; path = PODRiverNode.m; sourceTree = "<group>"; };
		285A00BF193B9E8800651177 /* PODMapNode.h */ = {isa = PBXFileReference; fileEncoding = 4; lastKnownFileType = sourcecode.c.h; path = PODMapNode.h; sourceTree = "<group>"; };
		285A00C0193B9E8800651177 /* PODMapNode.m */ = {isa = PBXFileReference; fileEncoding = 4; lastKnownFileType = sourcecode.c.objc; path = PODMapNode.m; sourceTree = "<group>"; };
		285A00C2193BB4B700651177 /* PODGameNode.h */ = {isa = PBXFileReference; fileEncoding = 4; lastKnownFileType = sourcecode.c.h; path = PODGameNode.h; sourceTree = "<group>"; };
		285A00C3193BB4B700651177 /* PODGameNode.m */ = {isa = PBXFileReference; fileEncoding = 4; lastKnownFileType = sourcecode.c.objc; path = PODGameNode.m; sourceTree = "<group>"; };
		28994F2519489A28000594F7 /* PODCoinNode.h */ = {isa = PBXFileReference; fileEncoding = 4; lastKnownFileType = sourcecode.c.h; path = PODCoinNode.h; sourceTree = "<group>"; };
		28994F2619489A28000594F7 /* PODCoinNode.m */ = {isa = PBXFileReference; fileEncoding = 4; lastKnownFileType = sourcecode.c.objc; path = PODCoinNode.m; sourceTree = "<group>"; };
		28994F2819489B98000594F7 /* Coin.atlas */ = {isa = PBXFileReference; lastKnownFileType = folder.skatlas; path = Coin.atlas; sourceTree = "<group>"; };
		28994F2A19489BF9000594F7 /* Muenze.atlas */ = {isa = PBXFileReference; lastKnownFileType = folder.skatlas; path = Muenze.atlas; sourceTree = "<group>"; };
		479F2E44193DD5E8001DB1EC /* spriteHero.atlas */ = {isa = PBXFileReference; lastKnownFileType = folder.skatlas; path = spriteHero.atlas; sourceTree = "<group>"; };
/* End PBXFileReference section */

/* Begin PBXFrameworksBuildPhase section */
		2825D23F193A3613009EEC1A /* Frameworks */ = {
			isa = PBXFrameworksBuildPhase;
			buildActionMask = 2147483647;
			files = (
				2825D248193A3613009EEC1A /* CoreGraphics.framework in Frameworks */,
				2825D24A193A3613009EEC1A /* UIKit.framework in Frameworks */,
				2825D24C193A3613009EEC1A /* SpriteKit.framework in Frameworks */,
				2825D246193A3613009EEC1A /* Foundation.framework in Frameworks */,
			);
			runOnlyForDeploymentPostprocessing = 0;
		};
		2825D267193A3614009EEC1A /* Frameworks */ = {
			isa = PBXFrameworksBuildPhase;
			buildActionMask = 2147483647;
			files = (
				2825D26C193A3614009EEC1A /* XCTest.framework in Frameworks */,
				2825D26E193A3614009EEC1A /* UIKit.framework in Frameworks */,
				2825D26D193A3614009EEC1A /* Foundation.framework in Frameworks */,
			);
			runOnlyForDeploymentPostprocessing = 0;
		};
/* End PBXFrameworksBuildPhase section */

/* Begin PBXGroup section */
		281BC8B8194453700032CD38 /* Collision */ = {
			isa = PBXGroup;
			children = (
				281BC8B91944538F0032CD38 /* PODCollisionHandling.h */,
				281BC8BA1944538F0032CD38 /* PODCollisionHandling.m */,
			);
			name = Collision;
			sourceTree = "<group>";
		};
		281BC8BC1946446F0032CD38 /* Sprites */ = {
			isa = PBXGroup;
			children = (
				281BC8BD194644860032CD38 /* PODHero.h */,
				281BC8BE194644860032CD38 /* PODHero.m */,
			);
			name = Sprites;
			sourceTree = "<group>";
		};
		2825D239193A3613009EEC1A = {
			isa = PBXGroup;
			children = (
				2825D24D193A3613009EEC1A /* ThePathOfTheDragon */,
				2825D271193A3614009EEC1A /* ThePathOfTheDragonTests */,
				2825D244193A3613009EEC1A /* Frameworks */,
				2825D243193A3613009EEC1A /* Products */,
			);
			sourceTree = "<group>";
		};
		2825D243193A3613009EEC1A /* Products */ = {
			isa = PBXGroup;
			children = (
				2825D242193A3613009EEC1A /* ThePathOfTheDragon.app */,
				2825D26A193A3614009EEC1A /* ThePathOfTheDragonTests.xctest */,
			);
			name = Products;
			sourceTree = "<group>";
		};
		2825D244193A3613009EEC1A /* Frameworks */ = {
			isa = PBXGroup;
			children = (
				2825D245193A3613009EEC1A /* Foundation.framework */,
				2825D247193A3613009EEC1A /* CoreGraphics.framework */,
				2825D249193A3613009EEC1A /* UIKit.framework */,
				2825D24B193A3613009EEC1A /* SpriteKit.framework */,
				2825D26B193A3614009EEC1A /* XCTest.framework */,
			);
			name = Frameworks;
			sourceTree = "<group>";
		};
		2825D24D193A3613009EEC1A /* ThePathOfTheDragon */ = {
			isa = PBXGroup;
			children = (
				2825D28D193A3722009EEC1A /* PODAppDelegate.h */,
				2825D28E193A3722009EEC1A /* PODAppDelegate.m */,
				281BC8BC1946446F0032CD38 /* Sprites */,
				281BC8B8194453700032CD38 /* Collision */,
				2825D283193A3675009EEC1A /* Nodes */,
				2825D282193A364D009EEC1A /* View */,
				2825D281193A3644009EEC1A /* Scenes */,
				2825D259193A3613009EEC1A /* Main.storyboard */,
				2825D262193A3613009EEC1A /* Spaceship.png */,
				2825D264193A3613009EEC1A /* Images.xcassets */,
				2825D24E193A3613009EEC1A /* Supporting Files */,
			);
			path = ThePathOfTheDragon;
			sourceTree = "<group>";
		};
		2825D24E193A3613009EEC1A /* Supporting Files */ = {
			isa = PBXGroup;
			children = (
				28994F2A19489BF9000594F7 /* Muenze.atlas */,
				28994F2819489B98000594F7 /* Coin.atlas */,
				479F2E44193DD5E8001DB1EC /* spriteHero.atlas */,
				2825D296193A37BA009EEC1A /* Background.atlas */,
				2825D297193A37BA009EEC1A /* Castle.atlas */,
				2825D24F193A3613009EEC1A /* ThePathOfTheDragon-Info.plist */,
				2825D250193A3613009EEC1A /* InfoPlist.strings */,
				2825D253193A3613009EEC1A /* main.m */,
				2825D255193A3613009EEC1A /* ThePathOfTheDragon-Prefix.pch */,
			);
			name = "Supporting Files";
			sourceTree = "<group>";
		};
		2825D271193A3614009EEC1A /* ThePathOfTheDragonTests */ = {
			isa = PBXGroup;
			children = (
				281BC8C019466A300032CD38 /* PODTestHero.m */,
				2825D272193A3614009EEC1A /* Supporting Files */,
			);
			path = ThePathOfTheDragonTests;
			sourceTree = "<group>";
		};
		2825D272193A3614009EEC1A /* Supporting Files */ = {
			isa = PBXGroup;
			children = (
				2825D273193A3614009EEC1A /* ThePathOfTheDragonTests-Info.plist */,
				2825D274193A3614009EEC1A /* InfoPlist.strings */,
			);
			name = "Supporting Files";
			sourceTree = "<group>";
		};
		2825D281193A3644009EEC1A /* Scenes */ = {
			isa = PBXGroup;
			children = (
				2825D293193A3795009EEC1A /* PODGameScene.h */,
				2825D294193A3795009EEC1A /* PODGameScene.m */,
			);
			name = Scenes;
			sourceTree = "<group>";
		};
		2825D282193A364D009EEC1A /* View */ = {
			isa = PBXGroup;
			children = (
				2825D28A193A3715009EEC1A /* PODViewController.h */,
				2825D28B193A3715009EEC1A /* PODViewController.m */,
			);
			name = View;
			sourceTree = "<group>";
		};
		2825D283193A3675009EEC1A /* Nodes */ = {
			isa = PBXGroup;
			children = (
				2825D290193A373A009EEC1A /* PODCastleNode.h */,
				2825D291193A373A009EEC1A /* PODCastleNode.m */,
				285A00BC193B593600651177 /* PODRiverNode.h */,
				285A00BD193B593600651177 /* PODRiverNode.m */,
				285A00BF193B9E8800651177 /* PODMapNode.h */,
				285A00C0193B9E8800651177 /* PODMapNode.m */,
				285A00C2193BB4B700651177 /* PODGameNode.h */,
				285A00C3193BB4B700651177 /* PODGameNode.m */,
				28994F2519489A28000594F7 /* PODCoinNode.h */,
				28994F2619489A28000594F7 /* PODCoinNode.m */,
			);
			name = Nodes;
			sourceTree = "<group>";
		};
/* End PBXGroup section */

/* Begin PBXNativeTarget section */
		2825D241193A3613009EEC1A /* ThePathOfTheDragon */ = {
			isa = PBXNativeTarget;
			buildConfigurationList = 2825D27B193A3614009EEC1A /* Build configuration list for PBXNativeTarget "ThePathOfTheDragon" */;
			buildPhases = (
				2825D23E193A3613009EEC1A /* Sources */,
				2825D23F193A3613009EEC1A /* Frameworks */,
				2825D240193A3613009EEC1A /* Resources */,
			);
			buildRules = (
			);
			dependencies = (
			);
			name = ThePathOfTheDragon;
			productName = ThePathOfTheDragon;
			productReference = 2825D242193A3613009EEC1A /* ThePathOfTheDragon.app */;
			productType = "com.apple.product-type.application";
		};
		2825D269193A3614009EEC1A /* ThePathOfTheDragonTests */ = {
			isa = PBXNativeTarget;
			buildConfigurationList = 2825D27E193A3614009EEC1A /* Build configuration list for PBXNativeTarget "ThePathOfTheDragonTests" */;
			buildPhases = (
				2825D266193A3614009EEC1A /* Sources */,
				2825D267193A3614009EEC1A /* Frameworks */,
				2825D268193A3614009EEC1A /* Resources */,
			);
			buildRules = (
			);
			dependencies = (
				2825D270193A3614009EEC1A /* PBXTargetDependency */,
			);
			name = ThePathOfTheDragonTests;
			productName = ThePathOfTheDragonTests;
			productReference = 2825D26A193A3614009EEC1A /* ThePathOfTheDragonTests.xctest */;
			productType = "com.apple.product-type.bundle.unit-test";
		};
/* End PBXNativeTarget section */

/* Begin PBXProject section */
		2825D23A193A3613009EEC1A /* Project object */ = {
			isa = PBXProject;
			attributes = {
				CLASSPREFIX = POD;
				LastUpgradeCheck = 0510;
				ORGANIZATIONNAME = "Markus Kammerhofer";
				TargetAttributes = {
					2825D269193A3614009EEC1A = {
						TestTargetID = 2825D241193A3613009EEC1A;
					};
				};
			};
			buildConfigurationList = 2825D23D193A3613009EEC1A /* Build configuration list for PBXProject "ThePathOfTheDragon" */;
			compatibilityVersion = "Xcode 3.2";
			developmentRegion = English;
			hasScannedForEncodings = 0;
			knownRegions = (
				en,
				Base,
			);
			mainGroup = 2825D239193A3613009EEC1A;
			productRefGroup = 2825D243193A3613009EEC1A /* Products */;
			projectDirPath = "";
			projectRoot = "";
			targets = (
				2825D241193A3613009EEC1A /* ThePathOfTheDragon */,
				2825D269193A3614009EEC1A /* ThePathOfTheDragonTests */,
			);
		};
/* End PBXProject section */

/* Begin PBXResourcesBuildPhase section */
		2825D240193A3613009EEC1A /* Resources */ = {
			isa = PBXResourcesBuildPhase;
			buildActionMask = 2147483647;
			files = (
				2825D252193A3613009EEC1A /* InfoPlist.strings in Resources */,
				2825D265193A3613009EEC1A /* Images.xcassets in Resources */,
				479F2E45193DD5E8001DB1EC /* spriteHero.atlas in Resources */,
				2825D263193A3613009EEC1A /* Spaceship.png in Resources */,
				2825D298193A37BA009EEC1A /* Background.atlas in Resources */,
				28994F2B19489BF9000594F7 /* Muenze.atlas in Resources */,
				2825D25B193A3613009EEC1A /* Main.storyboard in Resources */,
				28994F2919489B98000594F7 /* Coin.atlas in Resources */,
				2825D299193A37BA009EEC1A /* Castle.atlas in Resources */,
			);
			runOnlyForDeploymentPostprocessing = 0;
		};
		2825D268193A3614009EEC1A /* Resources */ = {
			isa = PBXResourcesBuildPhase;
			buildActionMask = 2147483647;
			files = (
				2825D276193A3614009EEC1A /* InfoPlist.strings in Resources */,
			);
			runOnlyForDeploymentPostprocessing = 0;
		};
/* End PBXResourcesBuildPhase section */

/* Begin PBXSourcesBuildPhase section */
		2825D23E193A3613009EEC1A /* Sources */ = {
			isa = PBXSourcesBuildPhase;
			buildActionMask = 2147483647;
			files = (
				2825D28C193A3715009EEC1A /* PODViewController.m in Sources */,
				281BC8BB1944538F0032CD38 /* PODCollisionHandling.m in Sources */,
				2825D28F193A3722009EEC1A /* PODAppDelegate.m in Sources */,
				285A00BE193B593600651177 /* PODRiverNode.m in Sources */,
				285A00C4193BB4B700651177 /* PODGameNode.m in Sources */,
				285A00C1193B9E8800651177 /* PODMapNode.m in Sources */,
				281BC8BF194644860032CD38 /* PODHero.m in Sources */,
				2825D254193A3613009EEC1A /* main.m in Sources */,
				2825D292193A373A009EEC1A /* PODCastleNode.m in Sources */,
				28994F2719489A28000594F7 /* PODCoinNode.m in Sources */,
				2825D295193A3795009EEC1A /* PODGameScene.m in Sources */,
			);
			runOnlyForDeploymentPostprocessing = 0;
		};
		2825D266193A3614009EEC1A /* Sources */ = {
			isa = PBXSourcesBuildPhase;
			buildActionMask = 2147483647;
			files = (
				281BC8C119466A300032CD38 /* PODTestHero.m in Sources */,
			);
			runOnlyForDeploymentPostprocessing = 0;
		};
/* End PBXSourcesBuildPhase section */

/* Begin PBXTargetDependency section */
		2825D270193A3614009EEC1A /* PBXTargetDependency */ = {
			isa = PBXTargetDependency;
			target = 2825D241193A3613009EEC1A /* ThePathOfTheDragon */;
			targetProxy = 2825D26F193A3614009EEC1A /* PBXContainerItemProxy */;
		};
/* End PBXTargetDependency section */

/* Begin PBXVariantGroup section */
		2825D250193A3613009EEC1A /* InfoPlist.strings */ = {
			isa = PBXVariantGroup;
			children = (
				2825D251193A3613009EEC1A /* en */,
			);
			name = InfoPlist.strings;
			sourceTree = "<group>";
		};
		2825D259193A3613009EEC1A /* Main.storyboard */ = {
			isa = PBXVariantGroup;
			children = (
				2825D25A193A3613009EEC1A /* Base */,
			);
			name = Main.storyboard;
			sourceTree = "<group>";
		};
		2825D274193A3614009EEC1A /* InfoPlist.strings */ = {
			isa = PBXVariantGroup;
			children = (
				2825D275193A3614009EEC1A /* en */,
			);
			name = InfoPlist.strings;
			sourceTree = "<group>";
		};
/* End PBXVariantGroup section */

/* Begin XCBuildConfiguration section */
		2825D279193A3614009EEC1A /* Debug */ = {
			isa = XCBuildConfiguration;
			buildSettings = {
				ALWAYS_SEARCH_USER_PATHS = NO;
				CLANG_CXX_LANGUAGE_STANDARD = "gnu++0x";
				CLANG_CXX_LIBRARY = "libc++";
				CLANG_ENABLE_MODULES = YES;
				CLANG_ENABLE_OBJC_ARC = YES;
				CLANG_WARN_BOOL_CONVERSION = YES;
				CLANG_WARN_CONSTANT_CONVERSION = YES;
				CLANG_WARN_DIRECT_OBJC_ISA_USAGE = YES_ERROR;
				CLANG_WARN_EMPTY_BODY = YES;
				CLANG_WARN_ENUM_CONVERSION = YES;
				CLANG_WARN_INT_CONVERSION = YES;
				CLANG_WARN_OBJC_ROOT_CLASS = YES_ERROR;
				CLANG_WARN__DUPLICATE_METHOD_MATCH = YES;
				"CODE_SIGN_IDENTITY[sdk=iphoneos*]" = "iPhone Developer";
				COPY_PHASE_STRIP = NO;
				GCC_C_LANGUAGE_STANDARD = gnu99;
				GCC_DYNAMIC_NO_PIC = NO;
				GCC_OPTIMIZATION_LEVEL = 0;
				GCC_PREPROCESSOR_DEFINITIONS = (
					"DEBUG=1",
					"$(inherited)",
				);
				GCC_SYMBOLS_PRIVATE_EXTERN = NO;
				GCC_WARN_64_TO_32_BIT_CONVERSION = YES;
				GCC_WARN_ABOUT_RETURN_TYPE = YES_ERROR;
				GCC_WARN_UNDECLARED_SELECTOR = YES;
				GCC_WARN_UNINITIALIZED_AUTOS = YES_AGGRESSIVE;
				GCC_WARN_UNUSED_FUNCTION = YES;
				GCC_WARN_UNUSED_VARIABLE = YES;
				IPHONEOS_DEPLOYMENT_TARGET = 7.1;
				ONLY_ACTIVE_ARCH = YES;
				SDKROOT = iphoneos;
				TARGETED_DEVICE_FAMILY = 2;
			};
			name = Debug;
		};
		2825D27A193A3614009EEC1A /* Release */ = {
			isa = XCBuildConfiguration;
			buildSettings = {
				ALWAYS_SEARCH_USER_PATHS = NO;
				CLANG_CXX_LANGUAGE_STANDARD = "gnu++0x";
				CLANG_CXX_LIBRARY = "libc++";
				CLANG_ENABLE_MODULES = YES;
				CLANG_ENABLE_OBJC_ARC = YES;
				CLANG_WARN_BOOL_CONVERSION = YES;
				CLANG_WARN_CONSTANT_CONVERSION = YES;
				CLANG_WARN_DIRECT_OBJC_ISA_USAGE = YES_ERROR;
				CLANG_WARN_EMPTY_BODY = YES;
				CLANG_WARN_ENUM_CONVERSION = YES;
				CLANG_WARN_INT_CONVERSION = YES;
				CLANG_WARN_OBJC_ROOT_CLASS = YES_ERROR;
				CLANG_WARN__DUPLICATE_METHOD_MATCH = YES;
				"CODE_SIGN_IDENTITY[sdk=iphoneos*]" = "iPhone Developer";
				COPY_PHASE_STRIP = YES;
				ENABLE_NS_ASSERTIONS = NO;
				GCC_C_LANGUAGE_STANDARD = gnu99;
				GCC_WARN_64_TO_32_BIT_CONVERSION = YES;
				GCC_WARN_ABOUT_RETURN_TYPE = YES_ERROR;
				GCC_WARN_UNDECLARED_SELECTOR = YES;
				GCC_WARN_UNINITIALIZED_AUTOS = YES_AGGRESSIVE;
				GCC_WARN_UNUSED_FUNCTION = YES;
				GCC_WARN_UNUSED_VARIABLE = YES;
				IPHONEOS_DEPLOYMENT_TARGET = 7.1;
				SDKROOT = iphoneos;
				TARGETED_DEVICE_FAMILY = 2;
				VALIDATE_PRODUCT = YES;
			};
			name = Release;
		};
		2825D27C193A3614009EEC1A /* Debug */ = {
			isa = XCBuildConfiguration;
			buildSettings = {
				ASSETCATALOG_COMPILER_APPICON_NAME = AppIcon;
				ASSETCATALOG_COMPILER_LAUNCHIMAGE_NAME = LaunchImage;
				GCC_PRECOMPILE_PREFIX_HEADER = YES;
				GCC_PREFIX_HEADER = "ThePathOfTheDragon/ThePathOfTheDragon-Prefix.pch";
				INFOPLIST_FILE = "ThePathOfTheDragon/ThePathOfTheDragon-Info.plist";
				PRODUCT_NAME = "$(TARGET_NAME)";
				SPRITEKIT_TEXTURE_ATLAS_OUTPUT = YES;
				WRAPPER_EXTENSION = app;
			};
			name = Debug;
		};
		2825D27D193A3614009EEC1A /* Release */ = {
			isa = XCBuildConfiguration;
			buildSettings = {
				ASSETCATALOG_COMPILER_APPICON_NAME = AppIcon;
				ASSETCATALOG_COMPILER_LAUNCHIMAGE_NAME = LaunchImage;
				GCC_PRECOMPILE_PREFIX_HEADER = YES;
				GCC_PREFIX_HEADER = "ThePathOfTheDragon/ThePathOfTheDragon-Prefix.pch";
				INFOPLIST_FILE = "ThePathOfTheDragon/ThePathOfTheDragon-Info.plist";
				PRODUCT_NAME = "$(TARGET_NAME)";
				SPRITEKIT_TEXTURE_ATLAS_OUTPUT = YES;
				WRAPPER_EXTENSION = app;
			};
			name = Release;
		};
		2825D27F193A3614009EEC1A /* Debug */ = {
			isa = XCBuildConfiguration;
			buildSettings = {
				BUNDLE_LOADER = "$(BUILT_PRODUCTS_DIR)/ThePathOfTheDragon.app/ThePathOfTheDragon";
				FRAMEWORK_SEARCH_PATHS = (
					"$(SDKROOT)/Developer/Library/Frameworks",
					"$(inherited)",
					"$(DEVELOPER_FRAMEWORKS_DIR)",
				);
				GCC_PRECOMPILE_PREFIX_HEADER = YES;
				GCC_PREFIX_HEADER = "ThePathOfTheDragon/ThePathOfTheDragon-Prefix.pch";
				GCC_PREPROCESSOR_DEFINITIONS = (
					"DEBUG=1",
					"$(inherited)",
				);
				INFOPLIST_FILE = "ThePathOfTheDragonTests/ThePathOfTheDragonTests-Info.plist";
				PRODUCT_NAME = "$(TARGET_NAME)";
				TEST_HOST = "$(BUNDLE_LOADER)";
				WRAPPER_EXTENSION = xctest;
			};
			name = Debug;
		};
		2825D280193A3614009EEC1A /* Release */ = {
			isa = XCBuildConfiguration;
			buildSettings = {
				BUNDLE_LOADER = "$(BUILT_PRODUCTS_DIR)/ThePathOfTheDragon.app/ThePathOfTheDragon";
				FRAMEWORK_SEARCH_PATHS = (
					"$(SDKROOT)/Developer/Library/Frameworks",
					"$(inherited)",
					"$(DEVELOPER_FRAMEWORKS_DIR)",
				);
				GCC_PRECOMPILE_PREFIX_HEADER = YES;
				GCC_PREFIX_HEADER = "ThePathOfTheDragon/ThePathOfTheDragon-Prefix.pch";
				INFOPLIST_FILE = "ThePathOfTheDragonTests/ThePathOfTheDragonTests-Info.plist";
				PRODUCT_NAME = "$(TARGET_NAME)";
				TEST_HOST = "$(BUNDLE_LOADER)";
				WRAPPER_EXTENSION = xctest;
			};
			name = Release;
		};
/* End XCBuildConfiguration section */

/* Begin XCConfigurationList section */
		2825D23D193A3613009EEC1A /* Build configuration list for PBXProject "ThePathOfTheDragon" */ = {
			isa = XCConfigurationList;
			buildConfigurations = (
				2825D279193A3614009EEC1A /* Debug */,
				2825D27A193A3614009EEC1A /* Release */,
			);
			defaultConfigurationIsVisible = 0;
			defaultConfigurationName = Release;
		};
		2825D27B193A3614009EEC1A /* Build configuration list for PBXNativeTarget "ThePathOfTheDragon" */ = {
			isa = XCConfigurationList;
			buildConfigurations = (
				2825D27C193A3614009EEC1A /* Debug */,
				2825D27D193A3614009EEC1A /* Release */,
			);
			defaultConfigurationIsVisible = 0;
			defaultConfigurationName = Release;
		};
		2825D27E193A3614009EEC1A /* Build configuration list for PBXNativeTarget "ThePathOfTheDragonTests" */ = {
			isa = XCConfigurationList;
			buildConfigurations = (
				2825D27F193A3614009EEC1A /* Debug */,
				2825D280193A3614009EEC1A /* Release */,
			);
			defaultConfigurationIsVisible = 0;
			defaultConfigurationName = Release;
		};
/* End XCConfigurationList section */
	};
	rootObject = 2825D23A193A3613009EEC1A /* Project object */;
}
